
Microsoft Visual Studio Solution File, Format Version 12.00
# Visual Studio Version 17
VisualStudioVersion = 17.2.32630.192
MinimumVisualStudioVersion = 10.0.40219.1
Project("{9A19103F-16F7-4668-BE54-9A1E7A4F7556}") = "ShopTP22", "ShopTP22.csproj", "{E4F556D1-F951-4845-B946-732428158DDF}"
EndProject
Project("{2150E333-8FDC-42A3-9474-1A3956D46DE8}") = "Solution Items", "Solution Items", "{A5DCA1BB-FE5A-4347-87C2-4D84CE2DF411}"
	ProjectSection(SolutionItems) = preProject
		.editorconfig = .editorconfig
	EndProjectSection
EndProject
Global
	GlobalSection(SolutionConfigurationPlatforms) = preSolution
		Debug|Any CPU = Debug|Any CPU
		Release|Any CPU = Release|Any CPU
	EndGlobalSection
	GlobalSection(ProjectConfigurationPlatforms) = postSolution
		{E4F556D1-F951-4845-B946-732428158DDF}.Debug|Any CPU.ActiveCfg = Debug|Any CPU
		{E4F556D1-F951-4845-B946-732428158DDF}.Debug|Any CPU.Build.0 = Debug|Any CPU
		{E4F556D1-F951-4845-B946-732428158DDF}.Release|Any CPU.ActiveCfg = Release|Any CPU
		{E4F556D1-F951-4845-B946-732428158DDF}.Release|Any CPU.Build.0 = Release|Any CPU
	EndGlobalSection
	GlobalSection(SolutionProperties) = preSolution
		HideSolutionNode = FALSE
	EndGlobalSection
	GlobalSection(ExtensibilityGlobals) = postSolution
		SolutionGuid = {B1B825AA-AF1B-424E-9E30-62C516494265}
	EndGlobalSection
EndGlobal
